
Microsoft Visual Studio Solution File, Format Version 12.00
# Visual Studio Version 17
VisualStudioVersion = 17.7.34031.279
MinimumVisualStudioVersion = 10.0.40219.1
Project("{FAE04EC0-301F-11D3-BF4B-00C04F79EFBC}") = "FinalReport", "FinalReport\FinalReport.csproj", "{FBC71B14-3495-4EB5-A08C-AD6B8BBA3A54}"
EndProject
Global
	GlobalSection(SolutionConfigurationPlatforms) = preSolution
		Debug|Any CPU = Debug|Any CPU
		Release|Any CPU = Release|Any CPU
	EndGlobalSection
	GlobalSection(ProjectConfigurationPlatforms) = postSolution
		{FBC71B14-3495-4EB5-A08C-AD6B8BBA3A54}.Debug|Any CPU.ActiveCfg = Debug|Any CPU
		{FBC71B14-3495-4EB5-A08C-AD6B8BBA3A54}.Debug|Any CPU.Build.0 = Debug|Any CPU
		{FBC71B14-3495-4EB5-A08C-AD6B8BBA3A54}.Release|Any CPU.ActiveCfg = Release|Any CPU
		{FBC71B14-3495-4EB5-A08C-AD6B8BBA3A54}.Release|Any CPU.Build.0 = Release|Any CPU
	EndGlobalSection
	GlobalSection(SolutionProperties) = preSolution
		HideSolutionNode = FALSE
	EndGlobalSection
	GlobalSection(ExtensibilityGlobals) = postSolution
		SolutionGuid = {D08559E9-5E47-474C-AF96-8B3A363B524C}
	EndGlobalSection
EndGlobal
